
Microsoft Visual Studio Solution File, Format Version 12.00
# Visual Studio Version 17
VisualStudioVersion = 17.9.34728.123
MinimumVisualStudioVersion = 10.0.40219.1
Project("{FAE04EC0-301F-11D3-BF4B-00C04F79EFBC}") = "WashingMachine", "WashingMachine\WashingMachine.csproj", "{47C2DF43-71D5-4275-9CE0-4CED4D41A517}"
EndProject
Global
	GlobalSection(SolutionConfigurationPlatforms) = preSolution
		Debug|Any CPU = Debug|Any CPU
		Release|Any CPU = Release|Any CPU
	EndGlobalSection
	GlobalSection(ProjectConfigurationPlatforms) = postSolution
		{47C2DF43-71D5-4275-9CE0-4CED4D41A517}.Debug|Any CPU.ActiveCfg = Debug|Any CPU
		{47C2DF43-71D5-4275-9CE0-4CED4D41A517}.Debug|Any CPU.Build.0 = Debug|Any CPU
		{47C2DF43-71D5-4275-9CE0-4CED4D41A517}.Release|Any CPU.ActiveCfg = Release|Any CPU
		{47C2DF43-71D5-4275-9CE0-4CED4D41A517}.Release|Any CPU.Build.0 = Release|Any CPU
	EndGlobalSection
	GlobalSection(SolutionProperties) = preSolution
		HideSolutionNode = FALSE
	EndGlobalSection
	GlobalSection(ExtensibilityGlobals) = postSolution
		SolutionGuid = {16DF9E1F-F9B7-4DF4-A250-ACDC621A4A1E}
	EndGlobalSection
EndGlobal
